
Microsoft Visual Studio Solution File, Format Version 12.00
# Visual Studio Version 16
VisualStudioVersion = 16.0.32510.428
MinimumVisualStudioVersion = 10.0.40219.1
Project("{9A19103F-16F7-4668-BE54-9A1E7A4F7556}") = "Consultorio", "Consultorio.csproj", "{BA4D781A-3147-47C4-9D90-A556508B0A26}"
EndProject
Project("{9A19103F-16F7-4668-BE54-9A1E7A4F7556}") = "Consultorio.Domain", "..\Consultorio.Domain\Consultorio.Domain.csproj", "{7FF93339-2857-4B9C-9A0F-2845F51E80B4}"
EndProject
Project("{9A19103F-16F7-4668-BE54-9A1E7A4F7556}") = "Consultorio.Application", "..\Consultorio.Application\Consultorio.Application.csproj", "{D8C755C0-502C-4900-A23F-48C54073D08F}"
EndProject
Project("{9A19103F-16F7-4668-BE54-9A1E7A4F7556}") = "Consultorio.Persistence", "..\Consultorio.Persistence\Consultorio.Persistence.csproj", "{929C9944-02C4-4338-A753-BCF19550EAB0}"
EndProject
Global
	GlobalSection(SolutionConfigurationPlatforms) = preSolution
		Debug|Any CPU = Debug|Any CPU
		Release|Any CPU = Release|Any CPU
	EndGlobalSection
	GlobalSection(ProjectConfigurationPlatforms) = postSolution
		{BA4D781A-3147-47C4-9D90-A556508B0A26}.Debug|Any CPU.ActiveCfg = Debug|Any CPU
		{BA4D781A-3147-47C4-9D90-A556508B0A26}.Debug|Any CPU.Build.0 = Debug|Any CPU
		{BA4D781A-3147-47C4-9D90-A556508B0A26}.Release|Any CPU.ActiveCfg = Release|Any CPU
		{BA4D781A-3147-47C4-9D90-A556508B0A26}.Release|Any CPU.Build.0 = Release|Any CPU
		{7FF93339-2857-4B9C-9A0F-2845F51E80B4}.Debug|Any CPU.ActiveCfg = Debug|Any CPU
		{7FF93339-2857-4B9C-9A0F-2845F51E80B4}.Debug|Any CPU.Build.0 = Debug|Any CPU
		{7FF93339-2857-4B9C-9A0F-2845F51E80B4}.Release|Any CPU.ActiveCfg = Release|Any CPU
		{7FF93339-2857-4B9C-9A0F-2845F51E80B4}.Release|Any CPU.Build.0 = Release|Any CPU
		{D8C755C0-502C-4900-A23F-48C54073D08F}.Debug|Any CPU.ActiveCfg = Debug|Any CPU
		{D8C755C0-502C-4900-A23F-48C54073D08F}.Debug|Any CPU.Build.0 = Debug|Any CPU
		{D8C755C0-502C-4900-A23F-48C54073D08F}.Release|Any CPU.ActiveCfg = Release|Any CPU
		{D8C755C0-502C-4900-A23F-48C54073D08F}.Release|Any CPU.Build.0 = Release|Any CPU
		{929C9944-02C4-4338-A753-BCF19550EAB0}.Debug|Any CPU.ActiveCfg = Debug|Any CPU
		{929C9944-02C4-4338-A753-BCF19550EAB0}.Debug|Any CPU.Build.0 = Debug|Any CPU
		{929C9944-02C4-4338-A753-BCF19550EAB0}.Release|Any CPU.ActiveCfg = Release|Any CPU
		{929C9944-02C4-4338-A753-BCF19550EAB0}.Release|Any CPU.Build.0 = Release|Any CPU
	EndGlobalSection
	GlobalSection(SolutionProperties) = preSolution
		HideSolutionNode = FALSE
	EndGlobalSection
	GlobalSection(ExtensibilityGlobals) = postSolution
		SolutionGuid = {9FE8852F-D188-49BF-B280-606484EDD3AC}
	EndGlobalSection
EndGlobal
